[[package]]
category = "dev"
description = "A small Python module for determining appropriate platform-specific dirs, e.g. a \"user data dir\"."
name = "appdirs"
optional = false
python-versions = "*"
version = "1.4.3"

[[package]]
category = "dev"
description = "A few extensions to pyyaml."
name = "aspy.yaml"
optional = false
python-versions = ">=2.7, !=3.0.*, !=3.1.*, !=3.2.*, !=3.3.*"
version = "1.3.0"

[package.dependencies]
pyyaml = "*"

[[package]]
category = "dev"
description = "Atomic file writes."
name = "atomicwrites"
optional = false
python-versions = ">=2.7, !=3.0.*, !=3.1.*, !=3.2.*, !=3.3.*"
version = "1.3.0"

[[package]]
category = "dev"
description = "Classes Without Boilerplate"
name = "attrs"
optional = false
python-versions = ">=2.7, !=3.0.*, !=3.1.*, !=3.2.*, !=3.3.*"
version = "19.3.0"

[package.extras]
azure-pipelines = ["coverage", "hypothesis", "pympler", "pytest (>=4.3.0)", "six", "zope.interface", "pytest-azurepipelines"]
dev = ["coverage", "hypothesis", "pympler", "pytest (>=4.3.0)", "six", "zope.interface", "sphinx", "pre-commit"]
docs = ["sphinx", "zope.interface"]
tests = ["coverage", "hypothesis", "pympler", "pytest (>=4.3.0)", "six", "zope.interface"]

[[package]]
category = "main"
description = "Python package for providing Mozilla's CA Bundle."
name = "certifi"
optional = false
python-versions = "*"
version = "2020.4.5.1"

[[package]]
category = "dev"
description = "Validate configuration and produce human readable error messages."
name = "cfgv"
optional = false
python-versions = ">=2.7, !=3.0.*, !=3.1.*, !=3.2.*, !=3.3.*"
version = "2.0.1"

[package.dependencies]
six = "*"

[[package]]
category = "main"
description = "Universal encoding detector for Python 2 and 3"
name = "chardet"
optional = false
python-versions = "*"
version = "3.0.4"

[[package]]
category = "dev"
description = "Cross-platform colored terminal text."
marker = "sys_platform == \"win32\" and python_version == \"3.4\""
name = "colorama"
optional = false
python-versions = ">=2.7, !=3.0.*, !=3.1.*, !=3.2.*, !=3.3.*"
version = "0.4.1"

[[package]]
category = "dev"
description = "Cross-platform colored terminal text."
marker = "sys_platform == \"win32\" and python_version != \"3.4\""
name = "colorama"
optional = false
python-versions = ">=2.7, !=3.0.*, !=3.1.*, !=3.2.*, !=3.3.*, !=3.4.*"
version = "0.4.3"

[[package]]
category = "dev"
description = "Code coverage measurement for Python"
name = "coverage"
optional = false
python-versions = "*"
version = "4.4.2"

[[package]]
category = "dev"
description = "Code coverage measurement for Python"
name = "coverage"
optional = false
python-versions = ">=2.6, !=3.0.*, !=3.1.*, !=3.2.*, <4"
version = "4.5.4"

[[package]]
category = "dev"
description = "Distribution utilities"
name = "distlib"
optional = false
python-versions = "*"
version = "0.3.0"

[[package]]
category = "dev"
description = "A platform independent file lock."
name = "filelock"
optional = false
python-versions = "*"
version = "3.0.12"

[[package]]
category = "dev"
description = "HTTP client mock for Python"
name = "httpretty"
optional = false
python-versions = ">=3"
version = "1.0.2"

[[package]]
category = "dev"
description = "File identification library for Python"
name = "identify"
optional = false
python-versions = "!=3.0.*,!=3.1.*,!=3.2.*,!=3.3.*,>=2.7"
version = "1.4.14"

[package.extras]
license = ["editdistance"]

[[package]]
category = "main"
description = "Internationalized Domain Names in Applications (IDNA)"
name = "idna"
optional = false
python-versions = ">=2.7, !=3.0.*, !=3.1.*, !=3.2.*, !=3.3.*"
version = "2.8"

[[package]]
category = "main"
description = "Internationalized Domain Names in Applications (IDNA)"
name = "idna"
optional = false
python-versions = ">=2.7, !=3.0.*, !=3.1.*, !=3.2.*, !=3.3.*"
version = "2.9"

[[package]]
category = "dev"
description = "Read metadata from Python packages"
name = "importlib-metadata"
optional = false
python-versions = "!=3.0.*,!=3.1.*,!=3.2.*,!=3.3.*,>=2.7"
version = "1.1.3"

[package.dependencies]
zipp = ">=0.5"

[package.extras]
docs = ["sphinx", "rst.linker"]
testing = ["packaging", "importlib-resources"]

[[package]]
category = "dev"
description = "Read metadata from Python packages"
name = "importlib-metadata"
optional = false
python-versions = "!=3.0.*,!=3.1.*,!=3.2.*,!=3.3.*,!=3.4.*,>=2.7"
version = "1.6.0"

[package.dependencies]
zipp = ">=0.5"

[package.extras]
docs = ["sphinx", "rst.linker"]
testing = ["packaging", "importlib-resources"]

[[package]]
category = "dev"
description = "Read resources from Python packages"
marker = "python_version < \"3.7\""
name = "importlib-resources"
optional = false
python-versions = ">=2.7,!=3.0,!=3.1,!=3.2,!=3.3"
version = "1.0.2"

[package.dependencies]
[package.dependencies.typing]
python = "<3.5"
version = "*"

[[package]]
category = "dev"
description = "Read resources from Python packages"
marker = "python_version < \"3.7\""
name = "importlib-resources"
optional = false
python-versions = "!=3.0.*,!=3.1.*,!=3.2.*,!=3.3.*,!=3.4.*,>=2.7"
version = "1.4.0"

[package.dependencies]
[package.dependencies.importlib-metadata]
python = "<3.8"
version = "*"

[package.dependencies.zipp]
python = "<3.8"
version = ">=0.4"

[package.extras]
docs = ["sphinx", "rst.linker", "jaraco.packaging"]

[[package]]
category = "dev"
description = "More routines for operating on iterables, beyond itertools"
marker = "python_version > \"2.7\""
name = "more-itertools"
optional = false
python-versions = ">=3.4"
version = "7.2.0"

[[package]]
category = "dev"
description = "More routines for operating on iterables, beyond itertools"
marker = "python_version > \"2.7\""
name = "more-itertools"
optional = false
python-versions = ">=3.5"
version = "8.2.0"

[[package]]
category = "dev"
description = "Node.js virtual environment builder"
name = "nodeenv"
optional = false
python-versions = "*"
version = "1.3.5"

[[package]]
category = "main"
description = "A generic, spec-compliant, thorough implementation of the OAuth request-signing logic"
name = "oauthlib"
optional = false
python-versions = ">=2.7, !=3.0.*, !=3.1.*, !=3.2.*, !=3.3.*"
version = "3.1.0"

[package.extras]
rsa = ["cryptography"]
signals = ["blinker"]
signedtoken = ["cryptography", "pyjwt (>=1.0.0)"]

[[package]]
category = "dev"
description = "Core utilities for Python packages"
name = "packaging"
optional = false
python-versions = ">=2.7, !=3.0.*, !=3.1.*, !=3.2.*, !=3.3.*"
version = "20.3"

[package.dependencies]
pyparsing = ">=2.0.2"
six = "*"

[[package]]
category = "dev"
description = "Object-oriented filesystem paths"
marker = "python_version < \"3.6\""
name = "pathlib2"
optional = false
python-versions = "*"
version = "2.3.5"

[package.dependencies]
six = "*"

[package.dependencies.scandir]
python = "<3.5"
version = "*"

[[package]]
category = "dev"
description = "plugin and hook calling mechanisms for python"
name = "pluggy"
optional = false
python-versions = ">=2.7, !=3.0.*, !=3.1.*, !=3.2.*, !=3.3.*"
version = "0.13.1"

[package.dependencies]
[package.dependencies.importlib-metadata]
python = "<3.8"
version = ">=0.12"

[package.extras]
dev = ["pre-commit", "tox"]

[[package]]
category = "dev"
description = "A framework for managing and maintaining multi-language pre-commit hooks."
name = "pre-commit"
optional = false
python-versions = ">=2.7, !=3.0.*, !=3.1.*, !=3.2.*, !=3.3.*"
version = "1.18.3"

[package.dependencies]
"aspy.yaml" = "*"
cfgv = ">=2.0.0"
identify = ">=1.0.0"
importlib-metadata = "*"
nodeenv = ">=0.11.1"
pyyaml = "*"
six = "*"
toml = "*"
virtualenv = ">=15.2"

[package.dependencies.importlib-resources]
python = "<3.7"
version = "*"

[[package]]
category = "dev"
description = "library with cross-python path, ini-parsing, io, code, log facilities"
name = "py"
optional = false
python-versions = ">=2.7, !=3.0.*, !=3.1.*, !=3.2.*, !=3.3.*"
version = "1.8.1"

[[package]]
category = "dev"
description = "Python parsing module"
name = "pyparsing"
optional = false
python-versions = ">=2.6, !=3.0.*, !=3.1.*, !=3.2.*"
version = "2.4.7"

[[package]]
category = "dev"
description = "pytest: simple powerful testing with Python"
name = "pytest"
optional = false
python-versions = "!=3.0.*,!=3.1.*,!=3.2.*,!=3.3.*,>=2.7"
version = "4.6.11"

[package.dependencies]
atomicwrites = ">=1.0"
attrs = ">=17.4.0"
packaging = "*"
pluggy = ">=0.12,<1.0"
py = ">=1.5.0"
six = ">=1.10.0"
wcwidth = "*"

[[package.dependencies.colorama]]
python = "<3.4.0 || >=3.5.0"
version = "*"

[[package.dependencies.colorama]]
python = ">=3.4,<3.5"
version = "<=0.4.1"

[package.dependencies.importlib-metadata]
python = "<3.8"
version = ">=0.12"

[package.dependencies.more-itertools]
python = ">=2.8"
version = ">=4.0.0"

[package.dependencies.pathlib2]
python = "<3.6"
version = ">=2.2.0"

[package.extras]
testing = ["argcomplete", "hypothesis (>=3.56)", "nose", "requests", "mock"]

[[package]]
category = "dev"
description = "Pytest plugin for measuring coverage."
name = "pytest-cov"
optional = false
python-versions = ">=2.7, !=3.0.*, !=3.1.*, !=3.2.*, !=3.3.*"
version = "2.8.1"

[package.dependencies]
coverage = ">=4.4"
pytest = ">=3.6"

[package.extras]
testing = ["fields", "hunter", "process-tests (2.0.2)", "six", "virtualenv"]

[[package]]
category = "dev"
description = "YAML parser and emitter for Python"
name = "pyyaml"
optional = false
python-versions = ">=2.7, !=3.0.*, !=3.1.*, !=3.2.*, !=3.3.*"
version = "5.2"

[[package]]
category = "dev"
description = "YAML parser and emitter for Python"
name = "pyyaml"
optional = false
python-versions = ">=2.7, !=3.0.*, !=3.1.*, !=3.2.*, !=3.3.*, !=3.4.*"
version = "5.3.1"

[[package]]
category = "main"
description = "Python HTTP for Humans."
name = "requests"
optional = false
python-versions = ">=2.7, !=3.0.*, !=3.1.*, !=3.2.*, !=3.3.*"
version = "2.21.0"

[package.dependencies]
certifi = ">=2017.4.17"
chardet = ">=3.0.2,<3.1.0"
idna = ">=2.5,<2.9"
urllib3 = ">=1.21.1,<1.25"

[package.extras]
security = ["pyOpenSSL (>=0.14)", "cryptography (>=1.3.4)", "idna (>=2.0.0)"]
socks = ["PySocks (>=1.5.6,<1.5.7 || >1.5.7)", "win-inet-pton"]

[[package]]
category = "main"
description = "Python HTTP for Humans."
name = "requests"
optional = false
python-versions = ">=2.7, !=3.0.*, !=3.1.*, !=3.2.*, !=3.3.*, !=3.4.*"
version = "2.23.0"

[package.dependencies]
certifi = ">=2017.4.17"
chardet = ">=3.0.2,<4"
idna = ">=2.5,<3"
urllib3 = ">=1.21.1,<1.25.0 || >1.25.0,<1.25.1 || >1.25.1,<1.26"

[package.extras]
security = ["pyOpenSSL (>=0.14)", "cryptography (>=1.3.4)"]
socks = ["PySocks (>=1.5.6,<1.5.7 || >1.5.7)", "win-inet-pton"]

[[package]]
category = "main"
description = "OAuthlib authentication support for Requests."
name = "requests-oauthlib"
optional = false
python-versions = ">=2.7, !=3.0.*, !=3.1.*, !=3.2.*, !=3.3.*"
version = "1.3.0"

[package.dependencies]
oauthlib = ">=3.0.0"
requests = ">=2.0.0"

[package.extras]
rsa = ["oauthlib (>=3.0.0)"]

[[package]]
category = "dev"
description = "scandir, a better directory iterator and faster os.walk()"
marker = "python_version < \"3.5\""
name = "scandir"
optional = false
python-versions = "*"
version = "1.10.0"

[[package]]
category = "dev"
description = "Python 2 and 3 compatibility utilities"
name = "six"
optional = false
python-versions = ">=2.7, !=3.0.*, !=3.1.*, !=3.2.*"
version = "1.14.0"

[[package]]
category = "dev"
description = "Python Library for Tom's Obvious, Minimal Language"
name = "toml"
optional = false
python-versions = "*"
version = "0.10.0"

[[package]]
category = "dev"
description = "tox is a generic virtualenv management and test command line tool"
name = "tox"
optional = false
python-versions = ">=2.7, !=3.0.*, !=3.1.*, !=3.2.*, !=3.3.*"
version = "3.12.1"

[package.dependencies]
filelock = ">=3.0.0,<4"
pluggy = ">=0.3.0,<1"
py = ">=1.4.17,<2"
setuptools = ">=30.0.0"
six = ">=1.0.0,<2"
toml = ">=0.9.4"
virtualenv = ">=14.0.0"

[package.extras]
docs = ["sphinx (>=2.0.0,<3)", "towncrier (>=18.5.0)", "pygments-github-lexers (>=0.0.5)", "sphinxcontrib-autoprogram (>=0.1.5)"]
testing = ["freezegun (>=0.3.11,<1)", "pathlib2 (>=2.3.3,<3)", "pytest (>=3.0.0,<5)", "pytest-cov (>=2.5.1,<3)", "pytest-mock (>=1.10.0,<2)", "pytest-xdist (>=1.22.2,<2)", "pytest-randomly (>=1.2.3,<2)", "flaky (>=3.4.0,<4)", "psutil (>=5.6.1,<6)"]

[[package]]
category = "main"
description = "Type Hints for Python"
marker = "python_version < \"3.5\""
name = "typing"
optional = false
python-versions = ">=2.7, !=3.0.*, !=3.1.*, !=3.2.*, !=3.3.*"
version = "3.7.4.3"

[[package]]
category = "main"
description = "HTTP library with thread-safe connection pooling, file post, and more."
name = "urllib3"
optional = false
python-versions = "*"
version = "1.22"

[package.extras]
secure = ["pyOpenSSL (>=0.14)", "cryptography (>=1.3.4)", "idna (>=2.0.0)", "certifi", "ipaddress"]
socks = ["PySocks (>=1.5.6,<1.5.7 || >1.5.7,<2.0)"]

[[package]]
category = "main"
description = "HTTP library with thread-safe connection pooling, file post, and more."
name = "urllib3"
optional = false
python-versions = ">=2.7, !=3.0.*, !=3.1.*, !=3.2.*, !=3.3.*, <4"
version = "1.24.3"

[package.extras]
secure = ["pyOpenSSL (>=0.14)", "cryptography (>=1.3.4)", "idna (>=2.0.0)", "certifi", "ipaddress"]
socks = ["PySocks (>=1.5.6,<1.5.7 || >1.5.7,<2.0)"]

[[package]]
category = "dev"
description = "Virtual Python Environment builder"
name = "virtualenv"
optional = false
python-versions = "!=3.0.*,!=3.1.*,!=3.2.*,!=3.3.*,>=2.7"
version = "20.0.16"

[package.dependencies]
appdirs = ">=1.4.3,<2"
distlib = ">=0.3.0,<1"
filelock = ">=3.0.0,<4"
six = ">=1.9.0,<2"

[package.dependencies.importlib-metadata]
python = "<3.8"
version = ">=0.12,<2"

[package.dependencies.importlib-resources]
python = "<3.7"
version = ">=1.0,<2"

[package.extras]
docs = ["sphinx (>=2.0.0,<3)", "sphinx-argparse (>=0.2.5,<1)", "sphinx-rtd-theme (>=0.4.3,<1)", "towncrier (>=19.9.0rc1)", "proselint (>=0.10.2,<1)"]
testing = ["pytest (>=4.0.0,<6)", "coverage (>=4.5.1,<6)", "pytest-mock (>=2.0.0,<3)", "pytest-env (>=0.6.2,<1)", "pytest-timeout (>=1.3.4,<2)", "packaging (>=20.0)", "xonsh (>=0.9.13,<1)"]

[[package]]
category = "dev"
description = "Measures number of Terminal column cells of wide-character codes"
name = "wcwidth"
optional = false
python-versions = "*"
version = "0.1.9"

[[package]]
category = "dev"
description = "Backport of pathlib-compatible object wrapper for zip files"
name = "zipp"
optional = false
python-versions = ">=2.7"
version = "1.2.0"

[package.extras]
docs = ["sphinx", "jaraco.packaging (>=3.2)", "rst.linker (>=1.9)"]
testing = ["pathlib2", "unittest2", "jaraco.itertools", "func-timeout"]

[metadata]
content-hash = "9139760794e14bfbca5e12b7dee16455e559fe3bc8f968e16df8d802b6057324"
python-versions = ">=3.4"

[metadata.files]
appdirs = [
    {file = "appdirs-1.4.3-py2.py3-none-any.whl", hash = "sha256:d8b24664561d0d34ddfaec54636d502d7cea6e29c3eaf68f3df6180863e2166e"},
    {file = "appdirs-1.4.3.tar.gz", hash = "sha256:9e5896d1372858f8dd3344faf4e5014d21849c756c8d5701f78f8a103b372d92"},
]
"aspy.yaml" = [
    {file = "aspy.yaml-1.3.0-py2.py3-none-any.whl", hash = "sha256:463372c043f70160a9ec950c3f1e4c3a82db5fca01d334b6bc89c7164d744bdc"},
    {file = "aspy.yaml-1.3.0.tar.gz", hash = "sha256:e7c742382eff2caed61f87a39d13f99109088e5e93f04d76eb8d4b28aa143f45"},
]
atomicwrites = [
    {file = "atomicwrites-1.3.0-py2.py3-none-any.whl", hash = "sha256:03472c30eb2c5d1ba9227e4c2ca66ab8287fbfbbda3888aa93dc2e28fc6811b4"},
    {file = "atomicwrites-1.3.0.tar.gz", hash = "sha256:75a9445bac02d8d058d5e1fe689654ba5a6556a1dfd8ce6ec55a0ed79866cfa6"},
]
attrs = [
    {file = "attrs-19.3.0-py2.py3-none-any.whl", hash = "sha256:08a96c641c3a74e44eb59afb61a24f2cb9f4d7188748e76ba4bb5edfa3cb7d1c"},
    {file = "attrs-19.3.0.tar.gz", hash = "sha256:f7b7ce16570fe9965acd6d30101a28f62fb4a7f9e926b3bbc9b61f8b04247e72"},
]
certifi = [
    {file = "certifi-2020.4.5.1-py2.py3-none-any.whl", hash = "sha256:1d987a998c75633c40847cc966fcf5904906c920a7f17ef374f5aa4282abd304"},
    {file = "certifi-2020.4.5.1.tar.gz", hash = "sha256:51fcb31174be6e6664c5f69e3e1691a2d72a1a12e90f872cbdb1567eb47b6519"},
]
cfgv = [
    {file = "cfgv-2.0.1-py2.py3-none-any.whl", hash = "sha256:fbd93c9ab0a523bf7daec408f3be2ed99a980e20b2d19b50fc184ca6b820d289"},
    {file = "cfgv-2.0.1.tar.gz", hash = "sha256:edb387943b665bf9c434f717bf630fa78aecd53d5900d2e05da6ad6048553144"},
]
chardet = [
    {file = "chardet-3.0.4-py2.py3-none-any.whl", hash = "sha256:fc323ffcaeaed0e0a02bf4d117757b98aed530d9ed4531e3e15460124c106691"},
    {file = "chardet-3.0.4.tar.gz", hash = "sha256:84ab92ed1c4d4f16916e05906b6b75a6c0fb5db821cc65e70cbd64a3e2a5eaae"},
]
colorama = [
    {file = "colorama-0.4.1-py2.py3-none-any.whl", hash = "sha256:f8ac84de7840f5b9c4e3347b3c1eaa50f7e49c2b07596221daec5edaabbd7c48"},
    {file = "colorama-0.4.1.tar.gz", hash = "sha256:05eed71e2e327246ad6b38c540c4a3117230b19679b875190486ddd2d721422d"},
    {file = "colorama-0.4.3-py2.py3-none-any.whl", hash = "sha256:7d73d2a99753107a36ac6b455ee49046802e59d9d076ef8e47b61499fa29afff"},
    {file = "colorama-0.4.3.tar.gz", hash = "sha256:e96da0d330793e2cb9485e9ddfd918d456036c7149416295932478192f4436a1"},
]
coverage = [
    {file = "coverage-4.4.2-cp26-cp26m-macosx_10_10_x86_64.whl", hash = "sha256:d1ee76f560c3c3e8faada866a07a32485445e16ed2206ac8378bd90dadffb9f0"},
    {file = "coverage-4.4.2-cp26-cp26m-manylinux1_i686.whl", hash = "sha256:007eeef7e23f9473622f7d94a3e029a45d55a92a1f083f0f3512f5ab9a669b05"},
    {file = "coverage-4.4.2-cp26-cp26m-manylinux1_x86_64.whl", hash = "sha256:17307429935f96c986a1b1674f78079528833410750321d22b5fb35d1883828e"},
    {file = "coverage-4.4.2-cp26-cp26mu-manylinux1_i686.whl", hash = "sha256:845fddf89dca1e94abe168760a38271abfc2e31863fbb4ada7f9a99337d7c3dc"},
    {file = "coverage-4.4.2-cp26-cp26mu-manylinux1_x86_64.whl", hash = "sha256:3f4d0b3403d3e110d2588c275540649b1841725f5a11a7162620224155d00ba2"},
    {file = "coverage-4.4.2-cp27-cp27m-macosx_10_12_intel.whl", hash = "sha256:4c4f368ffe1c2e7602359c2c50233269f3abe1c48ca6b288dcd0fb1d1c679733"},
    {file = "coverage-4.4.2-cp27-cp27m-macosx_10_12_x86_64.whl", hash = "sha256:f8c55dd0f56d3d618dfacf129e010cbe5d5f94b6951c1b2f13ab1a2f79c284da"},
    {file = "coverage-4.4.2-cp27-cp27m-manylinux1_i686.whl", hash = "sha256:cdd92dd9471e624cd1d8c1a2703d25f114b59b736b0f1f659a98414e535ffb3d"},
    {file = "coverage-4.4.2-cp27-cp27m-manylinux1_x86_64.whl", hash = "sha256:2ad357d12971e77360034c1596011a03f50c0f9e1ecd12e081342b8d1aee2236"},
    {file = "coverage-4.4.2-cp27-cp27m-win32.whl", hash = "sha256:700d7579995044dc724847560b78ac786f0ca292867447afda7727a6fbaa082e"},
    {file = "coverage-4.4.2-cp27-cp27m-win_amd64.whl", hash = "sha256:66f393e10dd866be267deb3feca39babba08ae13763e0fc7a1063cbe1f8e49f6"},
    {file = "coverage-4.4.2-cp27-cp27mu-manylinux1_i686.whl", hash = "sha256:e9a0e1caed2a52f15c96507ab78a48f346c05681a49c5b003172f8073da6aa6b"},
    {file = "coverage-4.4.2-cp27-cp27mu-manylinux1_x86_64.whl", hash = "sha256:eea9135432428d3ca7ee9be86af27cb8e56243f73764a9b6c3e0bda1394916be"},
    {file = "coverage-4.4.2-cp33-cp33m-macosx_10_10_x86_64.whl", hash = "sha256:5ff16548492e8a12e65ff3d55857ccd818584ed587a6c2898a9ebbe09a880674"},
    {file = "coverage-4.4.2-cp33-cp33m-manylinux1_i686.whl", hash = "sha256:d00e29b78ff610d300b2c37049a41234d48ea4f2d2581759ebcf67caaf731c31"},
    {file = "coverage-4.4.2-cp33-cp33m-manylinux1_x86_64.whl", hash = "sha256:87d942863fe74b1c3be83a045996addf1639218c2cb89c5da18c06c0fe3917ea"},
    {file = "coverage-4.4.2-cp34-cp34m-macosx_10_10_x86_64.whl", hash = "sha256:358d635b1fc22a425444d52f26287ae5aea9e96e254ff3c59c407426f44574f4"},
    {file = "coverage-4.4.2-cp34-cp34m-manylinux1_i686.whl", hash = "sha256:81912cfe276e0069dca99e1e4e6be7b06b5fc8342641c6b472cb2fed7de7ae18"},
    {file = "coverage-4.4.2-cp34-cp34m-manylinux1_x86_64.whl", hash = "sha256:079248312838c4c8f3494934ab7382a42d42d5f365f0cf7516f938dbb3f53f3f"},
    {file = "coverage-4.4.2-cp34-cp34m-win32.whl", hash = "sha256:b0059630ca5c6b297690a6bf57bf2fdac1395c24b7935fd73ee64190276b743b"},
    {file = "coverage-4.4.2-cp34-cp34m-win_amd64.whl", hash = "sha256:493082f104b5ca920e97a485913de254cbe351900deed72d4264571c73464cd0"},
    {file = "coverage-4.4.2-cp35-cp35m-macosx_10_10_x86_64.whl", hash = "sha256:e3ba9b14607c23623cf38f90b23f5bed4a3be87cbfa96e2e9f4eabb975d1e98b"},
    {file = "coverage-4.4.2-cp35-cp35m-manylinux1_i686.whl", hash = "sha256:82cbd3317320aa63c65555aa4894bf33a13fb3a77f079059eb5935eea415938d"},
    {file = "coverage-4.4.2-cp35-cp35m-manylinux1_x86_64.whl", hash = "sha256:9721f1b7275d3112dc7ccf63f0553c769f09b5c25a26ee45872c7f5c09edf6c1"},
    {file = "coverage-4.4.2-cp35-cp35m-win32.whl", hash = "sha256:bd4800e32b4c8d99c3a2c943f1ac430cbf80658d884123d19639bcde90dad44a"},
    {file = "coverage-4.4.2-cp35-cp35m-win_amd64.whl", hash = "sha256:f29841e865590af72c4b90d7b5b8e93fd560f5dea436c1d5ee8053788f9285de"},
    {file = "coverage-4.4.2-cp36-cp36m-macosx_10_12_x86_64.whl", hash = "sha256:f3a5c6d054c531536a83521c00e5d4004f1e126e2e2556ce399bef4180fbe540"},
    {file = "coverage-4.4.2-cp36-cp36m-manylinux1_i686.whl", hash = "sha256:dd707a21332615108b736ef0b8513d3edaf12d2a7d5fc26cd04a169a8ae9b526"},
    {file = "coverage-4.4.2-cp36-cp36m-manylinux1_x86_64.whl", hash = "sha256:2e1a5c6adebb93c3b175103c2f855eda957283c10cf937d791d81bef8872d6ca"},
    {file = "coverage-4.4.2-cp36-cp36m-win32.whl", hash = "sha256:f87f522bde5540d8a4b11df80058281ac38c44b13ce29ced1e294963dd51a8f8"},
    {file = "coverage-4.4.2-cp36-cp36m-win_amd64.whl", hash = "sha256:a7cfaebd8f24c2b537fa6a271229b051cdac9c1734bb6f939ccfc7c055689baa"},
    {file = "coverage-4.4.2.tar.gz", hash = "sha256:309d91bd7a35063ec7a0e4d75645488bfab3f0b66373e7722f23da7f5b0f34cc"},
    {file = "coverage-4.4.2.win-amd64-py2.7.exe", hash = "sha256:b6cebae1502ce5b87d7c6f532fa90ab345cfbda62b95aeea4e431e164d498a3d"},
    {file = "coverage-4.4.2.win-amd64-py3.4.exe", hash = "sha256:a4497faa4f1c0fc365ba05eaecfb6b5d24e3c8c72e95938f9524e29dadb15e76"},
    {file = "coverage-4.4.2.win-amd64-py3.5.exe", hash = "sha256:2b4d7f03a8a6632598cbc5df15bbca9f778c43db7cf1a838f4fa2c8599a8691a"},
    {file = "coverage-4.4.2.win-amd64-py3.6.exe", hash = "sha256:1afccd7e27cac1b9617be8c769f6d8a6d363699c9b86820f40c74cfb3328921c"},
    {file = "coverage-4.4.2.win32-py2.7.exe", hash = "sha256:0388c12539372bb92d6dde68b4627f0300d948965bbb7fc104924d715fdc0965"},
    {file = "coverage-4.4.2.win32-py3.4.exe", hash = "sha256:ab3508df9a92c1d3362343d235420d08e2662969b83134f8a97dc1451cbe5e84"},
    {file = "coverage-4.4.2.win32-py3.5.exe", hash = "sha256:43a155eb76025c61fc20c3d03b89ca28efa6f5be572ab6110b2fb68eda96bfea"},
    {file = "coverage-4.4.2.win32-py3.6.exe", hash = "sha256:f98b461cb59f117887aa634a66022c0bd394278245ed51189f63a036516e32de"},
    {file = "coverage-4.5.4-cp26-cp26m-macosx_10_12_x86_64.whl", hash = "sha256:eee64c616adeff7db37cc37da4180a3a5b6177f5c46b187894e633f088fb5b28"},
    {file = "coverage-4.5.4-cp27-cp27m-macosx_10_12_x86_64.whl", hash = "sha256:ef824cad1f980d27f26166f86856efe11eff9912c4fed97d3804820d43fa550c"},
    {file = "coverage-4.5.4-cp27-cp27m-macosx_10_13_intel.whl", hash = "sha256:9a334d6c83dfeadae576b4d633a71620d40d1c379129d587faa42ee3e2a85cce"},
    {file = "coverage-4.5.4-cp27-cp27m-manylinux1_i686.whl", hash = "sha256:7494b0b0274c5072bddbfd5b4a6c6f18fbbe1ab1d22a41e99cd2d00c8f96ecfe"},
    {file = "coverage-4.5.4-cp27-cp27m-manylinux1_x86_64.whl", hash = "sha256:826f32b9547c8091679ff292a82aca9c7b9650f9fda3e2ca6bf2ac905b7ce888"},
    {file = "coverage-4.5.4-cp27-cp27m-win32.whl", hash = "sha256:63a9a5fc43b58735f65ed63d2cf43508f462dc49857da70b8980ad78d41d52fc"},
    {file = "coverage-4.5.4-cp27-cp27m-win_amd64.whl", hash = "sha256:e2ede7c1d45e65e209d6093b762e98e8318ddeff95317d07a27a2140b80cfd24"},
    {file = "coverage-4.5.4-cp27-cp27mu-manylinux1_i686.whl", hash = "sha256:dd579709a87092c6dbee09d1b7cfa81831040705ffa12a1b248935274aee0437"},
    {file = "coverage-4.5.4-cp27-cp27mu-manylinux1_x86_64.whl", hash = "sha256:08907593569fe59baca0bf152c43f3863201efb6113ecb38ce7e97ce339805a6"},
    {file = "coverage-4.5.4-cp33-cp33m-macosx_10_10_x86_64.whl", hash = "sha256:6b62544bb68106e3f00b21c8930e83e584fdca005d4fffd29bb39fb3ffa03cb5"},
    {file = "coverage-4.5.4-cp34-cp34m-macosx_10_12_x86_64.whl", hash = "sha256:331cb5115673a20fb131dadd22f5bcaf7677ef758741312bee4937d71a14b2ef"},
    {file = "coverage-4.5.4-cp34-cp34m-manylinux1_i686.whl", hash = "sha256:bf1ef9eb901113a9805287e090452c05547578eaab1b62e4ad456fcc049a9b7e"},
    {file = "coverage-4.5.4-cp34-cp34m-manylinux1_x86_64.whl", hash = "sha256:386e2e4090f0bc5df274e720105c342263423e77ee8826002dcffe0c9533dbca"},
    {file = "coverage-4.5.4-cp34-cp34m-win32.whl", hash = "sha256:fa964bae817babece5aa2e8c1af841bebb6d0b9add8e637548809d040443fee0"},
    {file = "coverage-4.5.4-cp34-cp34m-win_amd64.whl", hash = "sha256:df6712284b2e44a065097846488f66840445eb987eb81b3cc6e4149e7b6982e1"},
    {file = "coverage-4.5.4-cp35-cp35m-macosx_10_12_x86_64.whl", hash = "sha256:efc89291bd5a08855829a3c522df16d856455297cf35ae827a37edac45f466a7"},
    {file = "coverage-4.5.4-cp35-cp35m-manylinux1_i686.whl", hash = "sha256:e4ef9c164eb55123c62411f5936b5c2e521b12356037b6e1c2617cef45523d47"},
    {file = "coverage-4.5.4-cp35-cp35m-manylinux1_x86_64.whl", hash = "sha256:ff37757e068ae606659c28c3bd0d923f9d29a85de79bf25b2b34b148473b5025"},
    {file = "coverage-4.5.4-cp35-cp35m-win32.whl", hash = "sha256:bf0a7aed7f5521c7ca67febd57db473af4762b9622254291fbcbb8cd0ba5e33e"},
    {file = "coverage-4.5.4-cp35-cp35m-win_amd64.whl", hash = "sha256:19e4df788a0581238e9390c85a7a09af39c7b539b29f25c89209e6c3e371270d"},
    {file = "coverage-4.5.4-cp36-cp36m-macosx_10_13_x86_64.whl", hash = "sha256:60851187677b24c6085248f0a0b9b98d49cba7ecc7ec60ba6b9d2e5574ac1ee9"},
    {file = "coverage-4.5.4-cp36-cp36m-manylinux1_i686.whl", hash = "sha256:245388cda02af78276b479f299bbf3783ef0a6a6273037d7c60dc73b8d8d7755"},
    {file = "coverage-4.5.4-cp36-cp36m-manylinux1_x86_64.whl", hash = "sha256:c0afd27bc0e307a1ffc04ca5ec010a290e49e3afbe841c5cafc5c5a80ecd81c9"},
    {file = "coverage-4.5.4-cp36-cp36m-win32.whl", hash = "sha256:6ba744056423ef8d450cf627289166da65903885272055fb4b5e113137cfa14f"},
    {file = "coverage-4.5.4-cp36-cp36m-win_amd64.whl", hash = "sha256:af7ed8a8aa6957aac47b4268631fa1df984643f07ef00acd374e456364b373f5"},
    {file = "coverage-4.5.4-cp37-cp37m-macosx_10_13_x86_64.whl", hash = "sha256:3a794ce50daee01c74a494919d5ebdc23d58873747fa0e288318728533a3e1ca"},
    {file = "coverage-4.5.4-cp37-cp37m-manylinux1_i686.whl", hash = "sha256:0be0f1ed45fc0c185cfd4ecc19a1d6532d72f86a2bac9de7e24541febad72650"},
    {file = "coverage-4.5.4-cp37-cp37m-manylinux1_x86_64.whl", hash = "sha256:eca2b7343524e7ba246cab8ff00cab47a2d6d54ada3b02772e908a45675722e2"},
    {file = "coverage-4.5.4-cp37-cp37m-win32.whl", hash = "sha256:93715dffbcd0678057f947f496484e906bf9509f5c1c38fc9ba3922893cda5f5"},
    {file = "coverage-4.5.4-cp37-cp37m-win_amd64.whl", hash = "sha256:23cc09ed395b03424d1ae30dcc292615c1372bfba7141eb85e11e50efaa6b351"},
    {file = "coverage-4.5.4-cp38-cp38-macosx_10_13_x86_64.whl", hash = "sha256:141f08ed3c4b1847015e2cd62ec06d35e67a3ac185c26f7635f4406b90afa9c5"},
    {file = "coverage-4.5.4.tar.gz", hash = "sha256:e07d9f1a23e9e93ab5c62902833bf3e4b1f65502927379148b6622686223125c"},
]
distlib = [
    {file = "distlib-0.3.0.zip", hash = "sha256:2e166e231a26b36d6dfe35a48c4464346620f8645ed0ace01ee31822b288de21"},
]
filelock = [
    {file = "filelock-3.0.12-py3-none-any.whl", hash = "sha256:929b7d63ec5b7d6b71b0fa5ac14e030b3f70b75747cef1b10da9b879fef15836"},
    {file = "filelock-3.0.12.tar.gz", hash = "sha256:18d82244ee114f543149c66a6e0c14e9c4f8a1044b5cdaadd0f82159d6a6ff59"},
]
httpretty = [
    {file = "httpretty-1.0.2.tar.gz", hash = "sha256:24a6fd2fe1c76e94801b74db8f52c0fb42718dc4a199a861b305b1a492b9d868"},
]
identify = [
    {file = "identify-1.4.14-py2.py3-none-any.whl", hash = "sha256:2bb8760d97d8df4408f4e805883dad26a2d076f04be92a10a3e43f09c6060742"},
    {file = "identify-1.4.14.tar.gz", hash = "sha256:faffea0fd8ec86bb146ac538ac350ed0c73908326426d387eded0bcc9d077522"},
]
idna = [
    {file = "idna-2.8-py2.py3-none-any.whl", hash = "sha256:ea8b7f6188e6fa117537c3df7da9fc686d485087abf6ac197f9c46432f7e4a3c"},
    {file = "idna-2.8.tar.gz", hash = "sha256:c357b3f628cf53ae2c4c05627ecc484553142ca23264e593d327bcde5e9c3407"},
    {file = "idna-2.9-py2.py3-none-any.whl", hash = "sha256:a068a21ceac8a4d63dbfd964670474107f541babbd2250d61922f029858365fa"},
    {file = "idna-2.9.tar.gz", hash = "sha256:7588d1c14ae4c77d74036e8c22ff447b26d0fde8f007354fd48a7814db15b7cb"},
]
importlib-metadata = [
    {file = "importlib_metadata-1.1.3-py2.py3-none-any.whl", hash = "sha256:7c7f8ac40673f507f349bef2eed21a0e5f01ddf5b2a7356a6c65eb2099b53764"},
    {file = "importlib_metadata-1.1.3.tar.gz", hash = "sha256:7a99fb4084ffe6dae374961ba7a6521b79c1d07c658ab3a28aa264ee1d1b14e3"},
    {file = "importlib_metadata-1.6.0-py2.py3-none-any.whl", hash = "sha256:2a688cbaa90e0cc587f1df48bdc97a6eadccdcd9c35fb3f976a09e3b5016d90f"},
    {file = "importlib_metadata-1.6.0.tar.gz", hash = "sha256:34513a8a0c4962bc66d35b359558fd8a5e10cd472d37aec5f66858addef32c1e"},
]
importlib-resources = [
    {file = "importlib_resources-1.0.2-py2.py3-none-any.whl", hash = "sha256:6e2783b2538bd5a14678284a3962b0660c715e5a0f10243fd5e00a4b5974f50b"},
    {file = "importlib_resources-1.0.2.tar.gz", hash = "sha256:d3279fd0f6f847cced9f7acc19bd3e5df54d34f93a2e7bb5f238f81545787078"},
    {file = "importlib_resources-1.4.0-py2.py3-none-any.whl", hash = "sha256:dd98ceeef3f5ad2ef4cc287b8586da4ebad15877f351e9688987ad663a0a29b8"},
    {file = "importlib_resources-1.4.0.tar.gz", hash = "sha256:4019b6a9082d8ada9def02bece4a76b131518866790d58fdda0b5f8c603b36c2"},
]
more-itertools = [
    {file = "more-itertools-7.2.0.tar.gz", hash = "sha256:409cd48d4db7052af495b09dec721011634af3753ae1ef92d2b32f73a745f832"},
    {file = "more_itertools-7.2.0-py3-none-any.whl", hash = "sha256:92b8c4b06dac4f0611c0729b2f2ede52b2e1bac1ab48f089c7ddc12e26bb60c4"},
    {file = "more-itertools-8.2.0.tar.gz", hash = "sha256:b1ddb932186d8a6ac451e1d95844b382f55e12686d51ca0c68b6f61f2ab7a507"},
    {file = "more_itertools-8.2.0-py3-none-any.whl", hash = "sha256:5dd8bcf33e5f9513ffa06d5ad33d78f31e1931ac9a18f33d37e77a180d393a7c"},
]
nodeenv = [
    {file = "nodeenv-1.3.5-py2.py3-none-any.whl", hash = "sha256:5b2438f2e42af54ca968dd1b374d14a1194848955187b0e5e4be1f73813a5212"},
]
oauthlib = [
    {file = "oauthlib-3.1.0-py2.py3-none-any.whl", hash = "sha256:df884cd6cbe20e32633f1db1072e9356f53638e4361bef4e8b03c9127c9328ea"},
    {file = "oauthlib-3.1.0.tar.gz", hash = "sha256:bee41cc35fcca6e988463cacc3bcb8a96224f470ca547e697b604cc697b2f889"},
]
packaging = [
    {file = "packaging-20.3-py2.py3-none-any.whl", hash = "sha256:82f77b9bee21c1bafbf35a84905d604d5d1223801d639cf3ed140bd651c08752"},
    {file = "packaging-20.3.tar.gz", hash = "sha256:3c292b474fda1671ec57d46d739d072bfd495a4f51ad01a055121d81e952b7a3"},
]
pathlib2 = [
    {file = "pathlib2-2.3.5-py2.py3-none-any.whl", hash = "sha256:0ec8205a157c80d7acc301c0b18fbd5d44fe655968f5d947b6ecef5290fc35db"},
    {file = "pathlib2-2.3.5.tar.gz", hash = "sha256:6cd9a47b597b37cc57de1c05e56fb1a1c9cc9fab04fe78c29acd090418529868"},
]
pluggy = [
    {file = "pluggy-0.13.1-py2.py3-none-any.whl", hash = "sha256:966c145cd83c96502c3c3868f50408687b38434af77734af1e9ca461a4081d2d"},
    {file = "pluggy-0.13.1.tar.gz", hash = "sha256:15b2acde666561e1298d71b523007ed7364de07029219b604cf808bfa1c765b0"},
]
pre-commit = [
    {file = "pre_commit-1.18.3-py2.py3-none-any.whl", hash = "sha256:fa78ff96e8e9ac94c748388597693f18b041a181c94a4f039ad20f45287ba44a"},
    {file = "pre_commit-1.18.3.tar.gz", hash = "sha256:1d3c0587bda7c4e537a46c27f2c84aa006acc18facf9970bf947df596ce91f3f"},
]
py = [
    {file = "py-1.8.1-py2.py3-none-any.whl", hash = "sha256:c20fdd83a5dbc0af9efd622bee9a5564e278f6380fffcacc43ba6f43db2813b0"},
    {file = "py-1.8.1.tar.gz", hash = "sha256:5e27081401262157467ad6e7f851b7aa402c5852dbcb3dae06768434de5752aa"},
]
pyparsing = [
    {file = "pyparsing-2.4.7-py2.py3-none-any.whl", hash = "sha256:ef9d7589ef3c200abe66653d3f1ab1033c3c419ae9b9bdb1240a85b024efc88b"},
    {file = "pyparsing-2.4.7.tar.gz", hash = "sha256:c203ec8783bf771a155b207279b9bccb8dea02d8f0c9e5f8ead507bc3246ecc1"},
]
pytest = [
    {file = "pytest-4.6.11-py2.py3-none-any.whl", hash = "sha256:a00a7d79cbbdfa9d21e7d0298392a8dd4123316bfac545075e6f8f24c94d8c97"},
    {file = "pytest-4.6.11.tar.gz", hash = "sha256:50fa82392f2120cc3ec2ca0a75ee615be4c479e66669789771f1758332be4353"},
]
pytest-cov = [
    {file = "pytest-cov-2.8.1.tar.gz", hash = "sha256:cc6742d8bac45070217169f5f72ceee1e0e55b0221f54bcf24845972d3a47f2b"},
    {file = "pytest_cov-2.8.1-py2.py3-none-any.whl", hash = "sha256:cdbdef4f870408ebdbfeb44e63e07eb18bb4619fae852f6e760645fa36172626"},
]
pyyaml = [
    {file = "PyYAML-5.2-cp27-cp27m-win32.whl", hash = "sha256:35ace9b4147848cafac3db142795ee42deebe9d0dad885ce643928e88daebdcc"},
    {file = "PyYAML-5.2-cp27-cp27m-win_amd64.whl", hash = "sha256:ebc4ed52dcc93eeebeae5cf5deb2ae4347b3a81c3fa12b0b8c976544829396a4"},
    {file = "PyYAML-5.2-cp35-cp35m-win32.whl", hash = "sha256:38a4f0d114101c58c0f3a88aeaa44d63efd588845c5a2df5290b73db8f246d15"},
    {file = "PyYAML-5.2-cp35-cp35m-win_amd64.whl", hash = "sha256:483eb6a33b671408c8529106df3707270bfacb2447bf8ad856a4b4f57f6e3075"},
    {file = "PyYAML-5.2-cp36-cp36m-win32.whl", hash = "sha256:7f38e35c00e160db592091751d385cd7b3046d6d51f578b29943225178257b31"},
    {file = "PyYAML-5.2-cp36-cp36m-win_amd64.whl", hash = "sha256:0e7f69397d53155e55d10ff68fdfb2cf630a35e6daf65cf0bdeaf04f127c09dc"},
    {file = "PyYAML-5.2-cp37-cp37m-win32.whl", hash = "sha256:e4c015484ff0ff197564917b4b4246ca03f411b9bd7f16e02a2f586eb48b6d04"},
    {file = "PyYAML-5.2-cp37-cp37m-win_amd64.whl", hash = "sha256:4b6be5edb9f6bb73680f5bf4ee08ff25416d1400fbd4535fe0069b2994da07cd"},
    {file = "PyYAML-5.2-cp38-cp38-win32.whl", hash = "sha256:8100c896ecb361794d8bfdb9c11fce618c7cf83d624d73d5ab38aef3bc82d43f"},
    {file = "PyYAML-5.2-cp38-cp38-win_amd64.whl", hash = "sha256:2e9f0b7c5914367b0916c3c104a024bb68f269a486b9d04a2e8ac6f6597b7803"},
    {file = "PyYAML-5.2.tar.gz", hash = "sha256:c0ee8eca2c582d29c3c2ec6e2c4f703d1b7f1fb10bc72317355a746057e7346c"},
    {file = "PyYAML-5.3.1-cp27-cp27m-win32.whl", hash = "sha256:74809a57b329d6cc0fdccee6318f44b9b8649961fa73144a98735b0aaf029f1f"},
    {file = "PyYAML-5.3.1-cp27-cp27m-win_amd64.whl", hash = "sha256:240097ff019d7c70a4922b6869d8a86407758333f02203e0fc6ff79c5dcede76"},
    {file = "PyYAML-5.3.1-cp35-cp35m-win32.whl", hash = "sha256:4f4b913ca1a7319b33cfb1369e91e50354d6f07a135f3b901aca02aa95940bd2"},
    {file = "PyYAML-5.3.1-cp35-cp35m-win_amd64.whl", hash = "sha256:cc8955cfbfc7a115fa81d85284ee61147059a753344bc51098f3ccd69b0d7e0c"},
    {file = "PyYAML-5.3.1-cp36-cp36m-win32.whl", hash = "sha256:7739fc0fa8205b3ee8808aea45e968bc90082c10aef6ea95e855e10abf4a37b2"},
    {file = "PyYAML-5.3.1-cp36-cp36m-win_amd64.whl", hash = "sha256:69f00dca373f240f842b2931fb2c7e14ddbacd1397d57157a9b005a6a9942648"},
    {file = "PyYAML-5.3.1-cp37-cp37m-win32.whl", hash = "sha256:d13155f591e6fcc1ec3b30685d50bf0711574e2c0dfffd7644babf8b5102ca1a"},
    {file = "PyYAML-5.3.1-cp37-cp37m-win_amd64.whl", hash = "sha256:73f099454b799e05e5ab51423c7bcf361c58d3206fa7b0d555426b1f4d9a3eaf"},
    {file = "PyYAML-5.3.1-cp38-cp38-win32.whl", hash = "sha256:06a0d7ba600ce0b2d2fe2e78453a470b5a6e000a985dd4a4e54e436cc36b0e97"},
    {file = "PyYAML-5.3.1-cp38-cp38-win_amd64.whl", hash = "sha256:95f71d2af0ff4227885f7a6605c37fd53d3a106fcab511b8860ecca9fcf400ee"},
    {file = "PyYAML-5.3.1.tar.gz", hash = "sha256:b8eac752c5e14d3eca0e6dd9199cd627518cb5ec06add0de9d32baeee6fe645d"},
]
requests = [
    {file = "requests-2.21.0-py2.py3-none-any.whl", hash = "sha256:7bf2a778576d825600030a110f3c0e3e8edc51dfaafe1c146e39a2027784957b"},
    {file = "requests-2.21.0.tar.gz", hash = "sha256:502a824f31acdacb3a35b6690b5fbf0bc41d63a24a45c4004352b0242707598e"},
    {file = "requests-2.23.0-py2.7.egg", hash = "sha256:5d2d0ffbb515f39417009a46c14256291061ac01ba8f875b90cad137de83beb4"},
    {file = "requests-2.23.0-py2.py3-none-any.whl", hash = "sha256:43999036bfa82904b6af1d99e4882b560e5e2c68e5c4b0aa03b655f3d7d73fee"},
    {file = "requests-2.23.0.tar.gz", hash = "sha256:b3f43d496c6daba4493e7c431722aeb7dbc6288f52a6e04e7b6023b0247817e6"},
]
requests-oauthlib = [
    {file = "requests-oauthlib-1.3.0.tar.gz", hash = "sha256:b4261601a71fd721a8bd6d7aa1cc1d6a8a93b4a9f5e96626f8e4d91e8beeaa6a"},
    {file = "requests_oauthlib-1.3.0-py2.py3-none-any.whl", hash = "sha256:7f71572defaecd16372f9006f33c2ec8c077c3cfa6f5911a9a90202beb513f3d"},
    {file = "requests_oauthlib-1.3.0-py3.7.egg", hash = "sha256:fa6c47b933f01060936d87ae9327fead68768b69c6c9ea2109c48be30f2d4dbc"},
]
scandir = [
    {file = "scandir-1.10.0-cp27-cp27m-win32.whl", hash = "sha256:92c85ac42f41ffdc35b6da57ed991575bdbe69db895507af88b9f499b701c188"},
    {file = "scandir-1.10.0-cp27-cp27m-win_amd64.whl", hash = "sha256:cb925555f43060a1745d0a321cca94bcea927c50114b623d73179189a4e100ac"},
    {file = "scandir-1.10.0-cp34-cp34m-win32.whl", hash = "sha256:2c712840c2e2ee8dfaf36034080108d30060d759c7b73a01a52251cc8989f11f"},
    {file = "scandir-1.10.0-cp34-cp34m-win_amd64.whl", hash = "sha256:2586c94e907d99617887daed6c1d102b5ca28f1085f90446554abf1faf73123e"},
    {file = "scandir-1.10.0-cp35-cp35m-win32.whl", hash = "sha256:2b8e3888b11abb2217a32af0766bc06b65cc4a928d8727828ee68af5a967fa6f"},
    {file = "scandir-1.10.0-cp35-cp35m-win_amd64.whl", hash = "sha256:8c5922863e44ffc00c5c693190648daa6d15e7c1207ed02d6f46a8dcc2869d32"},
    {file = "scandir-1.10.0-cp36-cp36m-win32.whl", hash = "sha256:2ae41f43797ca0c11591c0c35f2f5875fa99f8797cb1a1fd440497ec0ae4b022"},
    {file = "scandir-1.10.0-cp36-cp36m-win_amd64.whl", hash = "sha256:7d2d7a06a252764061a020407b997dd036f7bd6a175a5ba2b345f0a357f0b3f4"},
    {file = "scandir-1.10.0-cp37-cp37m-win32.whl", hash = "sha256:67f15b6f83e6507fdc6fca22fedf6ef8b334b399ca27c6b568cbfaa82a364173"},
    {file = "scandir-1.10.0-cp37-cp37m-win_amd64.whl", hash = "sha256:b24086f2375c4a094a6b51e78b4cf7ca16c721dcee2eddd7aa6494b42d6d519d"},
    {file = "scandir-1.10.0.tar.gz", hash = "sha256:4d4631f6062e658e9007ab3149a9b914f3548cb38bfb021c64f39a025ce578ae"},
]
six = [
    {file = "six-1.14.0-py2.py3-none-any.whl", hash = "sha256:8f3cd2e254d8f793e7f3d6d9df77b92252b52637291d0f0da013c76ea2724b6c"},
    {file = "six-1.14.0.tar.gz", hash = "sha256:236bdbdce46e6e6a3d61a337c0f8b763ca1e8717c03b369e87a7ec7ce1319c0a"},
]
toml = [
    {file = "toml-0.10.0-py2.7.egg", hash = "sha256:f1db651f9657708513243e61e6cc67d101a39bad662eaa9b5546f789338e07a3"},
    {file = "toml-0.10.0-py2.py3-none-any.whl", hash = "sha256:235682dd292d5899d361a811df37e04a8828a5b1da3115886b73cf81ebc9100e"},
    {file = "toml-0.10.0.tar.gz", hash = "sha256:229f81c57791a41d65e399fc06bf0848bab550a9dfd5ed66df18ce5f05e73d5c"},
]
tox = [
    {file = "tox-3.12.1-py2.py3-none-any.whl", hash = "sha256:f5c8e446b51edd2ea97df31d4ded8c8b72e7d6c619519da6bb6084b9dd5770f9"},
    {file = "tox-3.12.1.tar.gz", hash = "sha256:f87fd33892a2df0950e5e034def9468988b8d008c7e9416be665fcc0dd45b14f"},
]
typing = [
    {file = "typing-3.7.4.3-py2-none-any.whl", hash = "sha256:283d868f5071ab9ad873e5e52268d611e851c870a2ba354193026f2dfb29d8b5"},
    {file = "typing-3.7.4.3.tar.gz", hash = "sha256:1187fb9c82fd670d10aa07bbb6cfcfe4bdda42d6fab8d5134f04e8c4d0b71cc9"},
]
urllib3 = [
    {file = "urllib3-1.22-py2.py3-none-any.whl", hash = "sha256:06330f386d6e4b195fbfc736b297f58c5a892e4440e54d294d7004e3a9bbea1b"},
    {file = "urllib3-1.22.tar.gz", hash = "sha256:cc44da8e1145637334317feebd728bd869a35285b93cbb4cca2577da7e62db4f"},
    {file = "urllib3-1.24.3-py2.py3-none-any.whl", hash = "sha256:a637e5fae88995b256e3409dc4d52c2e2e0ba32c42a6365fee8bbd2238de3cfb"},
    {file = "urllib3-1.24.3.tar.gz", hash = "sha256:2393a695cd12afedd0dcb26fe5d50d0cf248e5a66f75dbd89a3d4eb333a61af4"},
]
virtualenv = [
    {file = "virtualenv-20.0.16-py2.py3-none-any.whl", hash = "sha256:94f647e12d1e6ced2541b93215e51752aecbd1bbb18eb1816e2867f7532b1fe1"},
    {file = "virtualenv-20.0.16.tar.gz", hash = "sha256:6ea131d41c477f6c4b7863948a9a54f7fa196854dbef73efbdff32b509f4d8bf"},
]
wcwidth = [
    {file = "wcwidth-0.1.9-py2.py3-none-any.whl", hash = "sha256:cafe2186b3c009a04067022ce1dcd79cb38d8d65ee4f4791b8888d6599d1bbe1"},
    {file = "wcwidth-0.1.9.tar.gz", hash = "sha256:ee73862862a156bf77ff92b09034fc4825dd3af9cf81bc5b360668d425f3c5f1"},
]
zipp = [
    {file = "zipp-1.2.0-py2.py3-none-any.whl", hash = "sha256:e0d9e63797e483a30d27e09fffd308c59a700d365ec34e93cc100844168bf921"},
    {file = "zipp-1.2.0.tar.gz", hash = "sha256:c70410551488251b0fee67b460fb9a536af8d6f9f008ad10ac51f615b6a521b1"},
]
